{
  "nodes": {
    "bootstrap-parent": {
      "inputs": {
        "bootstrap-parent": "bootstrap-parent_2",
        "flake-utils": [
          "flake-utils"
        ],
        "nixpkgs": [
          "nixpkgs"
        ]
      },
      "locked": {
        "lastModified": 1767112423,
        "narHash": "sha256-iFG3e3CTvEO9sfNF/W7F5sDosBHAFBDzYfIXyj5hkww=",
        "owner": "timower",
        "repo": "bootstrap-c",
        "rev": "acc092a8455518ce58ec9bf97e9fbafaec5fced8",
        "type": "github"
      },
      "original": {
        "owner": "timower",
        "ref": "dev",
        "repo": "bootstrap-c",
        "type": "github"
      }
    },
    "bootstrap-parent_10": {
      "inputs": {
        "bootstrap-parent": "bootstrap-parent_11",
        "flake-utils": [
          "bootstrap-parent",
          "bootstrap-parent",
          "bootstrap-parent",
          "bootstrap-parent",
          "bootstrap-parent",
          "bootstrap-parent",
          "bootstrap-parent",
          "bootstrap-parent",
          "bootstrap-parent",
          "flake-utils"
        ],
        "nixpkgs": [
          "bootstrap-parent",
          "bootstrap-parent",
          "bootstrap-parent",
          "bootstrap-parent",
          "bootstrap-parent",
          "bootstrap-parent",
          "bootstrap-parent",
          "bootstrap-parent",
          "bootstrap-parent",
          "nixpkgs"
        ]
      },
      "locked": {
        "lastModified": 1753004727,
        "narHash": "sha256-m258fASlzeGJgErK6Hent1xniUoanb2nwb5CMF1kZao=",
        "owner": "timower",
        "repo": "bootstrap-c",
        "rev": "bc39c3db9b7ef694bb16a2fefcc05fa54316503f",
        "type": "github"
      },
      "original": {
        "owner": "timower",
        "ref": "dev",
        "repo": "bootstrap-c",
        "type": "github"
      }
    },
    "bootstrap-parent_11": {
      "inputs": {
        "bootstrap-parent": "bootstrap-parent_12",
        "flake-utils": [
          "bootstrap-parent",
          "bootstrap-parent",
          "bootstrap-parent",
          "bootstrap-parent",
          "bootstrap-parent",
          "bootstrap-parent",
          "bootstrap-parent",
          "bootstrap-parent",
          "bootstrap-parent",
          "bootstrap-parent",
          "flake-utils"
        ],
        "nixpkgs": [
          "bootstrap-parent",
          "bootstrap-parent",
          "bootstrap-parent",
          "bootstrap-parent",
          "bootstrap-parent",
          "bootstrap-parent",
          "bootstrap-parent",
          "bootstrap-parent",
          "bootstrap-parent",
          "bootstrap-parent",
          "nixpkgs"
        ]
      },
      "locked": {
        "lastModified": 1753004683,
        "narHash": "sha256-Q6b5z37vv/z/LNju6+76h8wRLOocJuXL9A2HAqxdAvw=",
        "owner": "timower",
        "repo": "bootstrap-c",
        "rev": "caf554a0e373ac0f57585cf59fed7ea6f79267da",
        "type": "github"
      },
      "original": {
        "owner": "timower",
        "ref": "dev",
        "repo": "bootstrap-c",
        "type": "github"
      }
    },
    "bootstrap-parent_12": {
      "inputs": {
        "bootstrap-parent": "bootstrap-parent_13",
        "flake-utils": [
          "bootstrap-parent",
          "bootstrap-parent",
          "bootstrap-parent",
          "bootstrap-parent",
          "bootstrap-parent",
          "bootstrap-parent",
          "bootstrap-parent",
          "bootstrap-parent",
          "bootstrap-parent",
          "bootstrap-parent",
          "bootstrap-parent",
          "flake-utils"
        ],
        "nixpkgs": [
          "bootstrap-parent",
          "bootstrap-parent",
          "bootstrap-parent",
          "bootstrap-parent",
          "bootstrap-parent",
          "bootstrap-parent",
          "bootstrap-parent",
          "bootstrap-parent",
          "bootstrap-parent",
          "bootstrap-parent",
          "bootstrap-parent",
          "nixpkgs"
        ]
      },
      "locked": {
        "lastModified": 1753004599,
        "narHash": "sha256-vjugqmCMEgiPW//WmihxGfeeUUZ/aCVFOJgGq6tnBFQ=",
        "owner": "timower",
        "repo": "bootstrap-c",
        "rev": "24cff414551a0cd3d73763a99217fce44de3be27",
        "type": "github"
      },
      "original": {
        "owner": "timower",
        "ref": "dev",
        "repo": "bootstrap-c",
        "type": "github"
      }
    },
    "bootstrap-parent_13": {
      "inputs": {
        "bootstrap-parent": "bootstrap-parent_14",
        "flake-utils": [
          "bootstrap-parent",
          "bootstrap-parent",
          "bootstrap-parent",
          "bootstrap-parent",
          "bootstrap-parent",
          "bootstrap-parent",
          "bootstrap-parent",
          "bootstrap-parent",
          "bootstrap-parent",
          "bootstrap-parent",
          "bootstrap-parent",
          "bootstrap-parent",
          "flake-utils"
        ],
        "nixpkgs": [
          "bootstrap-parent",
          "bootstrap-parent",
          "bootstrap-parent",
          "bootstrap-parent",
          "bootstrap-parent",
          "bootstrap-parent",
          "bootstrap-parent",
          "bootstrap-parent",
          "bootstrap-parent",
          "bootstrap-parent",
          "bootstrap-parent",
          "bootstrap-parent",
          "nixpkgs"
        ]
      },
      "locked": {
        "lastModified": 1753004415,
        "narHash": "sha256-n0la3KJ3vAmqx9q8Ik1/mPH/rpqv+STcfgija5EC7+M=",
        "owner": "timower",
        "repo": "bootstrap-c",
        "rev": "5ce56041e5a77705ceb53da29d85acf4f4269a27",
        "type": "github"
      },
      "original": {
        "owner": "timower",
        "ref": "dev",
        "repo": "bootstrap-c",
        "type": "github"
      }
    },
    "bootstrap-parent_14": {
      "inputs": {
        "bootstrap-parent": "bootstrap-parent_15",
        "flake-utils": [
          "bootstrap-parent",
          "bootstrap-parent",
          "bootstrap-parent",
          "bootstrap-parent",
          "bootstrap-parent",
          "bootstrap-parent",
          "bootstrap-parent",
          "bootstrap-parent",
          "bootstrap-parent",
          "bootstrap-parent",
          "bootstrap-parent",
          "bootstrap-parent",
          "bootstrap-parent",
          "flake-utils"
        ],
        "nixpkgs": [
          "bootstrap-parent",
          "bootstrap-parent",
          "bootstrap-parent",
          "bootstrap-parent",
          "bootstrap-parent",
          "bootstrap-parent",
          "bootstrap-parent",
          "bootstrap-parent",
          "bootstrap-parent",
          "bootstrap-parent",
          "bootstrap-parent",
          "bootstrap-parent",
          "bootstrap-parent",
          "nixpkgs"
        ]
      },
      "locked": {
        "lastModified": 1753001571,
        "narHash": "sha256-J07PACRqusgZ2iGyUDwcksbbUYFbW2rUL0Yk2FonxBM=",
        "owner": "timower",
        "repo": "bootstrap-c",
        "rev": "10a690174ce8c2db318bc40f9b6a0082322336c8",
        "type": "github"
      },
      "original": {
        "owner": "timower",
        "ref": "dev",
        "repo": "bootstrap-c",
        "type": "github"
      }
    },
    "bootstrap-parent_15": {
      "inputs": {
        "bootstrap-parent": "bootstrap-parent_16",
        "flake-utils": [
          "bootstrap-parent",
          "bootstrap-parent",
          "bootstrap-parent",
          "bootstrap-parent",
          "bootstrap-parent",
          "bootstrap-parent",
          "bootstrap-parent",
          "bootstrap-parent",
          "bootstrap-parent",
          "bootstrap-parent",
          "bootstrap-parent",
          "bootstrap-parent",
          "bootstrap-parent",
          "bootstrap-parent",
          "flake-utils"
        ],
        "nixpkgs": [
          "bootstrap-parent",
          "bootstrap-parent",
          "bootstrap-parent",
          "bootstrap-parent",
          "bootstrap-parent",
          "bootstrap-parent",
          "bootstrap-parent",
          "bootstrap-parent",
          "bootstrap-parent",
          "bootstrap-parent",
          "bootstrap-parent",
          "bootstrap-parent",
          "bootstrap-parent",
          "bootstrap-parent",
          "nixpkgs"
        ]
      },
      "locked": {
        "lastModified": 1753001334,
        "narHash": "sha256-sr7UuT9BLcbDsty1XSDtGKIbpdl4/NSTkAedkgGUKuY=",
        "owner": "timower",
        "repo": "bootstrap-c",
        "rev": "0109f363a623fe6307ddbd36f41a4e3339999da0",
        "type": "github"
      },
      "original": {
        "owner": "timower",
        "ref": "dev",
        "repo": "bootstrap-c",
        "type": "github"
      }
    },
    "bootstrap-parent_16": {
      "inputs": {
        "flake-utils": [
          "bootstrap-parent",
          "bootstrap-parent",
          "bootstrap-parent",
          "bootstrap-parent",
          "bootstrap-parent",
          "bootstrap-parent",
          "bootstrap-parent",
          "bootstrap-parent",
          "bootstrap-parent",
          "bootstrap-parent",
          "bootstrap-parent",
          "bootstrap-parent",
          "bootstrap-parent",
          "bootstrap-parent",
          "bootstrap-parent",
          "flake-utils"
        ],
        "nixpkgs": [
          "bootstrap-parent",
          "bootstrap-parent",
          "bootstrap-parent",
          "bootstrap-parent",
          "bootstrap-parent",
          "bootstrap-parent",
          "bootstrap-parent",
          "bootstrap-parent",
          "bootstrap-parent",
          "bootstrap-parent",
          "bootstrap-parent",
          "bootstrap-parent",
          "bootstrap-parent",
          "bootstrap-parent",
          "bootstrap-parent",
          "nixpkgs"
        ]
      },
      "locked": {
        "lastModified": 1740421821,
        "narHash": "sha256-EDq2lel7N8cNzLRmhDpwJZ1H0K8onQ5W6VlWlHG2jmw=",
        "owner": "timower",
        "repo": "bootstrap-c",
        "rev": "9ade5c9a8d961e8d52544adea0048ed2e1225175",
        "type": "github"
      },
      "original": {
        "owner": "timower",
        "ref": "dev",
        "repo": "bootstrap-c",
        "type": "github"
      }
    },
    "bootstrap-parent_2": {
      "inputs": {
        "bootstrap-parent": "bootstrap-parent_3",
        "flake-utils": [
          "bootstrap-parent",
          "flake-utils"
        ],
        "nixpkgs": [
          "bootstrap-parent",
          "nixpkgs"
        ]
      },
      "locked": {
        "lastModified": 1766946722,
        "narHash": "sha256-xNHgw5oOaw4RtCjDwhhK6DTes2OZnUXz0gsJRanLsWo=",
        "owner": "timower",
        "repo": "bootstrap-c",
        "rev": "e85791b4a122422c386f79cf05b1272f31335d78",
        "type": "github"
      },
      "original": {
        "owner": "timower",
        "ref": "dev",
        "repo": "bootstrap-c",
        "type": "github"
      }
    },
    "bootstrap-parent_3": {
      "inputs": {
        "bootstrap-parent": "bootstrap-parent_4",
        "flake-utils": [
          "bootstrap-parent",
          "bootstrap-parent",
          "flake-utils"
        ],
        "nixpkgs": [
          "bootstrap-parent",
          "bootstrap-parent",
          "nixpkgs"
        ]
      },
      "locked": {
        "lastModified": 1766341587,
        "narHash": "sha256-1duxvFrBB9e2W1mrIXPqlr4zYgN6o2Fsnnc7WbMbZ6A=",
        "owner": "timower",
        "repo": "bootstrap-c",
        "rev": "8964f78cd31df607b0ef2be97c4363299b4bdb72",
        "type": "github"
      },
      "original": {
        "owner": "timower",
        "ref": "dev",
        "repo": "bootstrap-c",
        "type": "github"
      }
    },
    "bootstrap-parent_4": {
      "inputs": {
        "bootstrap-parent": "bootstrap-parent_5",
        "flake-utils": [
          "bootstrap-parent",
          "bootstrap-parent",
          "bootstrap-parent",
          "flake-utils"
        ],
        "nixpkgs": [
          "bootstrap-parent",
          "bootstrap-parent",
          "bootstrap-parent",
          "nixpkgs"
        ]
      },
      "locked": {
        "lastModified": 1766096742,
        "narHash": "sha256-grK1fL1fUPYcIxq9oHfvtpWBlw2EjWWj+/SJVV8vIC0=",
        "owner": "timower",
        "repo": "bootstrap-c",
        "rev": "55e7e18b866a9fd3990e2d2f58b74348fe40a84a",
        "type": "github"
      },
      "original": {
        "owner": "timower",
        "ref": "dev",
        "repo": "bootstrap-c",
        "type": "github"
      }
    },
    "bootstrap-parent_5": {
      "inputs": {
        "bootstrap-parent": "bootstrap-parent_6",
        "flake-utils": [
          "bootstrap-parent",
          "bootstrap-parent",
          "bootstrap-parent",
          "bootstrap-parent",
          "flake-utils"
        ],
        "nixpkgs": [
          "bootstrap-parent",
          "bootstrap-parent",
          "bootstrap-parent",
          "bootstrap-parent",
          "nixpkgs"
        ]
      },
      "locked": {
        "lastModified": 1765046949,
        "narHash": "sha256-4FmQIQLtEB3MgAw4uULcSFvTBcDmnubGwBszdfaQAUg=",
        "owner": "timower",
        "repo": "bootstrap-c",
        "rev": "a4b6b44ec1eea3d9a1f1a2c770ea852561e6ef5b",
        "type": "github"
      },
      "original": {
        "owner": "timower",
        "ref": "dev",
        "repo": "bootstrap-c",
        "type": "github"
      }
    },
    "bootstrap-parent_6": {
      "inputs": {
        "bootstrap-parent": "bootstrap-parent_7",
        "flake-utils": [
          "bootstrap-parent",
          "bootstrap-parent",
          "bootstrap-parent",
          "bootstrap-parent",
          "bootstrap-parent",
          "flake-utils"
        ],
        "nixpkgs": [
          "bootstrap-parent",
          "bootstrap-parent",
          "bootstrap-parent",
          "bootstrap-parent",
          "bootstrap-parent",
          "nixpkgs"
        ]
      },
      "locked": {
        "lastModified": 1758215934,
        "narHash": "sha256-mHmUkf1gALha4YX+/k70/VnFeyYso1dfRg63BhRDlMI=",
        "owner": "timower",
        "repo": "bootstrap-c",
        "rev": "619e1742e69369e20e0160af9444a0e0e2efbd8e",
        "type": "github"
      },
      "original": {
        "owner": "timower",
        "ref": "dev",
        "repo": "bootstrap-c",
        "type": "github"
      }
    },
    "bootstrap-parent_7": {
      "inputs": {
        "bootstrap-parent": "bootstrap-parent_8",
        "flake-utils": [
          "bootstrap-parent",
          "bootstrap-parent",
          "bootstrap-parent",
          "bootstrap-parent",
          "bootstrap-parent",
          "bootstrap-parent",
          "flake-utils"
        ],
        "nixpkgs": [
          "bootstrap-parent",
          "bootstrap-parent",
          "bootstrap-parent",
          "bootstrap-parent",
          "bootstrap-parent",
          "bootstrap-parent",
          "nixpkgs"
        ]
      },
      "locked": {
        "lastModified": 1753005381,
        "narHash": "sha256-fB4nkksGhD2plMj/SGKMjpEGb8xUKGl6AElpWdXMfnM=",
        "owner": "timower",
        "repo": "bootstrap-c",
        "rev": "43324c6557cc818b2f65e1e3ba846a4162fdeda5",
        "type": "github"
      },
      "original": {
        "owner": "timower",
        "ref": "dev",
        "repo": "bootstrap-c",
        "type": "github"
      }
    },
    "bootstrap-parent_8": {
      "inputs": {
        "bootstrap-parent": "bootstrap-parent_9",
        "flake-utils": [
          "bootstrap-parent",
          "bootstrap-parent",
          "bootstrap-parent",
          "bootstrap-parent",
          "bootstrap-parent",
          "bootstrap-parent",
          "bootstrap-parent",
          "flake-utils"
        ],
        "nixpkgs": [
          "bootstrap-parent",
          "bootstrap-parent",
          "bootstrap-parent",
          "bootstrap-parent",
          "bootstrap-parent",
          "bootstrap-parent",
          "bootstrap-parent",
          "nixpkgs"
        ]
      },
      "locked": {
        "lastModified": 1753005286,
        "narHash": "sha256-BLtPx+EuNL3So+BoaTFxoYCKPnuWrZy1g+ySCAnBbk8=",
        "owner": "timower",
        "repo": "bootstrap-c",
        "rev": "4b6715e8b968de53d9672a81c178c93a4c595bfe",
        "type": "github"
      },
      "original": {
        "owner": "timower",
        "ref": "dev",
        "repo": "bootstrap-c",
        "type": "github"
      }
    },
    "bootstrap-parent_9": {
      "inputs": {
        "bootstrap-parent": "bootstrap-parent_10",
        "flake-utils": [
          "bootstrap-parent",
          "bootstrap-parent",
          "bootstrap-parent",
          "bootstrap-parent",
          "bootstrap-parent",
          "bootstrap-parent",
          "bootstrap-parent",
          "bootstrap-parent",
          "flake-utils"
        ],
        "nixpkgs": [
          "bootstrap-parent",
          "bootstrap-parent",
          "bootstrap-parent",
          "bootstrap-parent",
          "bootstrap-parent",
          "bootstrap-parent",
          "bootstrap-parent",
          "bootstrap-parent",
          "nixpkgs"
        ]
      },
      "locked": {
        "lastModified": 1753004915,
        "narHash": "sha256-Ncq+epchxUAPnFfHUpwFTUhmRMbjsC0+IAfiW/OZOO8=",
        "owner": "timower",
        "repo": "bootstrap-c",
        "rev": "38d6c32c72c08aae5b10fa109d55941c69f475c3",
        "type": "github"
      },
      "original": {
        "owner": "timower",
        "ref": "dev",
        "repo": "bootstrap-c",
        "type": "github"
      }
    },
    "flake-utils": {
      "inputs": {
        "systems": "systems"
      },
      "locked": {
        "lastModified": 1731533236,
        "narHash": "sha256-l0KFg5HjrsfsO/JpG+r7fRrqm12kzFHyUHqHCVpMMbI=",
        "owner": "numtide",
        "repo": "flake-utils",
        "rev": "11707dc2f618dd54ca8739b309ec4fc024de578b",
        "type": "github"
      },
      "original": {
        "owner": "numtide",
        "repo": "flake-utils",
        "type": "github"
      }
    },
    "nixpkgs": {
      "locked": {
        "lastModified": 1766885793,
        "narHash": "sha256-P6RVkrM9JLCW6xBjSwHfgTOQ1JwBUma5xe5LI8xAPC0=",
        "owner": "NixOS",
        "repo": "nixpkgs",
        "rev": "9ef261221d1e72399f2036786498d78c38185c46",
        "type": "github"
      },
      "original": {
        "owner": "NixOS",
        "ref": "nixos-25.11",
        "repo": "nixpkgs",
        "type": "github"
      }
    },
    "root": {
      "inputs": {
        "bootstrap-parent": "bootstrap-parent",
        "flake-utils": "flake-utils",
        "nixpkgs": "nixpkgs"
      }
    },
    "systems": {
      "locked": {
        "lastModified": 1681028828,
        "narHash": "sha256-Vy1rq5AaRuLzOxct8nz4T6wlgyUR7zLU309k9mBC768=",
        "owner": "nix-systems",
        "repo": "default",
        "rev": "da67096a3b9bf56a91d16901293e51ba5b49a27e",
        "type": "github"
      },
      "original": {
        "owner": "nix-systems",
        "repo": "default",
        "type": "github"
      }
    }
  },
  "root": "root",
  "version": 7
}
