{
  "nodes": {
    "bootstrap-parent": {
      "inputs": {
        "bootstrap-parent": "bootstrap-parent_2",
        "flake-utils": [
          "flake-utils"
        ],
        "nixpkgs": [
          "nixpkgs"
        ]
      },
      "locked": {
        "lastModified": 1740427630,
        "narHash": "sha256-DBcMzEtMPuuT0UdhhTL2P6RFuU12IrZ0CqwQyqU6Srk=",
        "owner": "timower",
        "repo": "bootstrap-c",
        "rev": "9e26a2910a625128dc67d4c22e3b34e4fb204ac2",
        "type": "github"
      },
      "original": {
        "owner": "timower",
        "ref": "dev",
        "repo": "bootstrap-c",
        "type": "github"
      }
    },
    "bootstrap-parent_2": {
      "inputs": {
        "flake-utils": [
          "bootstrap-parent",
          "flake-utils"
        ],
        "nixpkgs": [
          "bootstrap-parent",
          "nixpkgs"
        ]
      },
      "locked": {
        "lastModified": 1740083295,
        "narHash": "sha256-MaM1bbNoqljl9X0/cOfoN89MxkOCQ4jfsg8A1w3q1WI=",
        "owner": "timower",
        "repo": "bootstrap-c",
        "rev": "fa28d0854684bb21a5731c9e57d5acbcc8356bc0",
        "type": "github"
      },
      "original": {
        "owner": "timower",
        "ref": "dev",
        "repo": "bootstrap-c",
        "type": "github"
      }
    },
    "flake-utils": {
      "inputs": {
        "systems": "systems"
      },
      "locked": {
        "lastModified": 1731533236,
        "narHash": "sha256-l0KFg5HjrsfsO/JpG+r7fRrqm12kzFHyUHqHCVpMMbI=",
        "owner": "numtide",
        "repo": "flake-utils",
        "rev": "11707dc2f618dd54ca8739b309ec4fc024de578b",
        "type": "github"
      },
      "original": {
        "owner": "numtide",
        "repo": "flake-utils",
        "type": "github"
      }
    },
    "nixpkgs": {
      "locked": {
        "lastModified": 1740339700,
        "narHash": "sha256-cbrw7EgQhcdFnu6iS3vane53bEagZQy/xyIkDWpCgVE=",
        "owner": "NixOS",
        "repo": "nixpkgs",
        "rev": "04ef94c4c1582fd485bbfdb8c4a8ba250e359195",
        "type": "github"
      },
      "original": {
        "owner": "NixOS",
        "ref": "nixos-24.11",
        "repo": "nixpkgs",
        "type": "github"
      }
    },
    "root": {
      "inputs": {
        "bootstrap-parent": "bootstrap-parent",
        "flake-utils": "flake-utils",
        "nixpkgs": "nixpkgs"
      }
    },
    "systems": {
      "locked": {
        "lastModified": 1681028828,
        "narHash": "sha256-Vy1rq5AaRuLzOxct8nz4T6wlgyUR7zLU309k9mBC768=",
        "owner": "nix-systems",
        "repo": "default",
        "rev": "da67096a3b9bf56a91d16901293e51ba5b49a27e",
        "type": "github"
      },
      "original": {
        "owner": "nix-systems",
        "repo": "default",
        "type": "github"
      }
    }
  },
  "root": "root",
  "version": 7
}
